
Microsoft Visual Studio Solution File, Format Version 12.00
# Visual Studio Version 17
VisualStudioVersion = 17.2.32630.192
MinimumVisualStudioVersion = 10.0.40219.1
Project("{9A19103F-16F7-4668-BE54-9A1E7A4F7556}") = "R5T.B0006.X1000.Construction", "R5T.B0006.X1000.Construction\R5T.B0006.X1000.Construction.csproj", "{073FF849-7765-4864-9FF3-BB8886170819}"
EndProject
Project("{2150E333-8FDC-42A3-9474-1A3956D46DE8}") = "_Dependencies", "_Dependencies", "{7326BF54-5D79-42F5-9F8D-2EE8687C7EB8}"
EndProject
Global
	GlobalSection(SolutionConfigurationPlatforms) = preSolution
		Debug|Any CPU = Debug|Any CPU
		Debug|x64 = Debug|x64
		Debug|x86 = Debug|x86
		Release|Any CPU = Release|Any CPU
		Release|x64 = Release|x64
		Release|x86 = Release|x86
	EndGlobalSection
	GlobalSection(ProjectConfigurationPlatforms) = postSolution
		{073FF849-7765-4864-9FF3-BB8886170819}.Debug|Any CPU.ActiveCfg = Debug|Any CPU
		{073FF849-7765-4864-9FF3-BB8886170819}.Debug|Any CPU.Build.0 = Debug|Any CPU
		{073FF849-7765-4864-9FF3-BB8886170819}.Debug|x64.ActiveCfg = Debug|Any CPU
		{073FF849-7765-4864-9FF3-BB8886170819}.Debug|x64.Build.0 = Debug|Any CPU
		{073FF849-7765-4864-9FF3-BB8886170819}.Debug|x86.ActiveCfg = Debug|Any CPU
		{073FF849-7765-4864-9FF3-BB8886170819}.Debug|x86.Build.0 = Debug|Any CPU
		{073FF849-7765-4864-9FF3-BB8886170819}.Release|Any CPU.ActiveCfg = Release|Any CPU
		{073FF849-7765-4864-9FF3-BB8886170819}.Release|Any CPU.Build.0 = Release|Any CPU
		{073FF849-7765-4864-9FF3-BB8886170819}.Release|x64.ActiveCfg = Release|Any CPU
		{073FF849-7765-4864-9FF3-BB8886170819}.Release|x64.Build.0 = Release|Any CPU
		{073FF849-7765-4864-9FF3-BB8886170819}.Release|x86.ActiveCfg = Release|Any CPU
		{073FF849-7765-4864-9FF3-BB8886170819}.Release|x86.Build.0 = Release|Any CPU
	EndGlobalSection
	GlobalSection(SolutionProperties) = preSolution
		HideSolutionNode = FALSE
	EndGlobalSection
	GlobalSection(ExtensibilityGlobals) = postSolution
		SolutionGuid = {5BE2ACFB-016B-46FF-A716-A9847EB6A1F2}
	EndGlobalSection
EndGlobal
